// !$*UTF8*$!
{
	archiveVersion = 1;
	classes = {
	};
	objectVersion = 50;
	objects = {

/* Begin PBXBuildFile section */
		A7DE775123BF320800CE6FB4 /* AppDelegate.swift in Sources */ = {isa = PBXBuildFile; fileRef = A7DE775023BF320800CE6FB4 /* AppDelegate.swift */; };
		A7DE775323BF320800CE6FB4 /* SceneDelegate.swift in Sources */ = {isa = PBXBuildFile; fileRef = A7DE775223BF320800CE6FB4 /* SceneDelegate.swift */; };
		A7DE775523BF320800CE6FB4 /* ViewController.swift in Sources */ = {isa = PBXBuildFile; fileRef = A7DE775423BF320800CE6FB4 /* ViewController.swift */; };
		A7DE775823BF320800CE6FB4 /* Main.storyboard in Resources */ = {isa = PBXBuildFile; fileRef = A7DE775623BF320800CE6FB4 /* Main.storyboard */; };
		A7DE775A23BF320A00CE6FB4 /* Assets.xcassets in Resources */ = {isa = PBXBuildFile; fileRef = A7DE775923BF320A00CE6FB4 /* Assets.xcassets */; };
		A7DE775D23BF320A00CE6FB4 /* LaunchScreen.storyboard in Resources */ = {isa = PBXBuildFile; fileRef = A7DE775B23BF320A00CE6FB4 /* LaunchScreen.storyboard */; };
/* End PBXBuildFile section */

/* Begin PBXFileReference section */
		A7DE774D23BF320800CE6FB4 /* tryViber.app */ = {isa = PBXFileReference; explicitFileType = wrapper.application; includeInIndex = 0; path = tryViber.app; sourceTree = BUILT_PRODUCTS_DIR; };
		A7DE775023BF320800CE6FB4 /* AppDelegate.swift */ = {isa = PBXFileReference; lastKnownFileType = sourcecode.swift; path = AppDelegate.swift; sourceTree = "<group>"; };
		A7DE775223BF320800CE6FB4 /* SceneDelegate.swift */ = {isa = PBXFileReference; lastKnownFileType = sourcecode.swift; path = SceneDelegate.swift; sourceTree = "<group>"; };
		A7DE775423BF320800CE6FB4 /* ViewController.swift */ = {isa = PBXFileReference; lastKnownFileType = sourcecode.swift; path = ViewController.swift; sourceTree = "<group>"; };
		A7DE775723BF320800CE6FB4 /* Base */ = {isa = PBXFileReference; lastKnownFileType = file.storyboard; name = Base; path = Base.lproj/Main.storyboard; sourceTree = "<group>"; };
		A7DE775923BF320A00CE6FB4 /* Assets.xcassets */ = {isa = PBXFileReference; lastKnownFileType = folder.assetcatalog; path = Assets.xcassets; sourceTree = "<group>"; };
		A7DE775C23BF320A00CE6FB4 /* Base */ = {isa = PBXFileReference; lastKnownFileType = file.storyboard; name = Base; path = Base.lproj/LaunchScreen.storyboard; sourceTree = "<group>"; };
		A7DE775E23BF320A00CE6FB4 /* Info.plist */ = {isa = PBXFileReference; lastKnownFileType = text.plist.xml; path = Info.plist; sourceTree = "<group>"; };
		A7DE776423BF380100CE6FB4 /* README.md */ = {isa = PBXFileReference; lastKnownFileType = net.daringfireball.markdown; path = README.md; sourceTree = "<group>"; };
		A7DE776523BF383E00CE6FB4 /* tryViber.jpeg */ = {isa = PBXFileReference; lastKnownFileType = image.jpeg; path = tryViber.jpeg; sourceTree = "<group>"; };
/* End PBXFileReference section */

/* Begin PBXFrameworksBuildPhase section */
		A7DE774A23BF320800CE6FB4 /* Frameworks */ = {
			isa = PBXFrameworksBuildPhase;
			buildActionMask = 2147483647;
			files = (
			);
			runOnlyForDeploymentPostprocessing = 0;
		};
/* End PBXFrameworksBuildPhase section */

/* Begin PBXGroup section */
		A7DE774423BF320800CE6FB4 = {
			isa = PBXGroup;
			children = (
				A7DE776423BF380100CE6FB4 /* README.md */,
				A7DE776523BF383E00CE6FB4 /* tryViber.jpeg */,
				A7DE774F23BF320800CE6FB4 /* tryViber */,
				A7DE774E23BF320800CE6FB4 /* Products */,
			);
			sourceTree = "<group>";
		};
		A7DE774E23BF320800CE6FB4 /* Products */ = {
			isa = PBXGroup;
			children = (
				A7DE774D23BF320800CE6FB4 /* tryViber.app */,
			);
			name = Products;
			sourceTree = "<group>";
		};
		A7DE774F23BF320800CE6FB4 /* tryViber */ = {
			isa = PBXGroup;
			children = (
				A7DE775023BF320800CE6FB4 /* AppDelegate.swift */,
				A7DE775223BF320800CE6FB4 /* SceneDelegate.swift */,
				A7DE775423BF320800CE6FB4 /* ViewController.swift */,
				A7DE775623BF320800CE6FB4 /* Main.storyboard */,
				A7DE775923BF320A00CE6FB4 /* Assets.xcassets */,
				A7DE775B23BF320A00CE6FB4 /* LaunchScreen.storyboard */,
				A7DE775E23BF320A00CE6FB4 /* Info.plist */,
			);
			path = tryViber;
			sourceTree = "<group>";
		};
/* End PBXGroup section */

/* Begin PBXNativeTarget section */
		A7DE774C23BF320800CE6FB4 /* tryViber */ = {
			isa = PBXNativeTarget;
			buildConfigurationList = A7DE776123BF320A00CE6FB4 /* Build configuration list for PBXNativeTarget "tryViber" */;
			buildPhases = (
				A7DE774923BF320800CE6FB4 /* Sources */,
				A7DE774A23BF320800CE6FB4 /* Frameworks */,
				A7DE774B23BF320800CE6FB4 /* Resources */,
			);
			buildRules = (
			);
			dependencies = (
			);
			name = tryViber;
			productName = tryViber;
			productReference = A7DE774D23BF320800CE6FB4 /* tryViber.app */;
			productType = "com.apple.product-type.application";
		};
/* End PBXNativeTarget section */

/* Begin PBXProject section */
		A7DE774523BF320800CE6FB4 /* Project object */ = {
			isa = PBXProject;
			attributes = {
				LastSwiftUpdateCheck = 1120;
				LastUpgradeCheck = 1120;
				ORGANIZATIONNAME = "游宗諭";
				TargetAttributes = {
					A7DE774C23BF320800CE6FB4 = {
						CreatedOnToolsVersion = 11.2.1;
					};
				};
			};
			buildConfigurationList = A7DE774823BF320800CE6FB4 /* Build configuration list for PBXProject "tryViber" */;
			compatibilityVersion = "Xcode 9.3";
			developmentRegion = en;
			hasScannedForEncodings = 0;
			knownRegions = (
				en,
				Base,
			);
			mainGroup = A7DE774423BF320800CE6FB4;
			productRefGroup = A7DE774E23BF320800CE6FB4 /* Products */;
			projectDirPath = "";
			projectRoot = "";
			targets = (
				A7DE774C23BF320800CE6FB4 /* tryViber */,
			);
		};
/* End PBXProject section */

/* Begin PBXResourcesBuildPhase section */
		A7DE774B23BF320800CE6FB4 /* Resources */ = {
			isa = PBXResourcesBuildPhase;
			buildActionMask = 2147483647;
			files = (
				A7DE775D23BF320A00CE6FB4 /* LaunchScreen.storyboard in Resources */,
				A7DE775A23BF320A00CE6FB4 /* Assets.xcassets in Resources */,
				A7DE775823BF320800CE6FB4 /* Main.storyboard in Resources */,
			);
			runOnlyForDeploymentPostprocessing = 0;
		};
/* End PBXResourcesBuildPhase section */

/* Begin PBXSourcesBuildPhase section */
		A7DE774923BF320800CE6FB4 /* Sources */ = {
			isa = PBXSourcesBuildPhase;
			buildActionMask = 2147483647;
			files = (
				A7DE775523BF320800CE6FB4 /* ViewController.swift in Sources */,
				A7DE775123BF320800CE6FB4 /* AppDelegate.swift in Sources */,
				A7DE775323BF320800CE6FB4 /* SceneDelegate.swift in Sources */,
			);
			runOnlyForDeploymentPostprocessing = 0;
		};
/* End PBXSourcesBuildPhase section */

/* Begin PBXVariantGroup section */
		A7DE775623BF320800CE6FB4 /* Main.storyboard */ = {
			isa = PBXVariantGroup;
			children = (
				A7DE775723BF320800CE6FB4 /* Base */,
			);
			name = Main.storyboard;
			sourceTree = "<group>";
		};
		A7DE775B23BF320A00CE6FB4 /* LaunchScreen.storyboard */ = {
			isa = PBXVariantGroup;
			children = (
				A7DE775C23BF320A00CE6FB4 /* Base */,
			);
			name = LaunchScreen.storyboard;
			sourceTree = "<group>";
		};
/* End PBXVariantGroup section */

/* Begin XCBuildConfiguration section */
		A7DE775F23BF320A00CE6FB4 /* Debug */ = {
			isa = XCBuildConfiguration;
			buildSettings = {
				ALWAYS_SEARCH_USER_PATHS = NO;
				CLANG_ANALYZER_NONNULL = YES;
				CLANG_ANALYZER_NUMBER_OBJECT_CONVERSION = YES_AGGRESSIVE;
				CLANG_CXX_LANGUAGE_STANDARD = "gnu++14";
				CLANG_CXX_LIBRARY = "libc++";
				CLANG_ENABLE_MODULES = YES;
				CLANG_ENABLE_OBJC_ARC = YES;
				CLANG_ENABLE_OBJC_WEAK = YES;
				CLANG_WARN_BLOCK_CAPTURE_AUTORELEASING = YES;
				CLANG_WARN_BOOL_CONVERSION = YES;
				CLANG_WARN_COMMA = YES;
				CLANG_WARN_CONSTANT_CONVERSION = YES;
				CLANG_WARN_DEPRECATED_OBJC_IMPLEMENTATIONS = YES;
				CLANG_WARN_DIRECT_OBJC_ISA_USAGE = YES_ERROR;
				CLANG_WARN_DOCUMENTATION_COMMENTS = YES;
				CLANG_WARN_EMPTY_BODY = YES;
				CLANG_WARN_ENUM_CONVERSION = YES;
				CLANG_WARN_INFINITE_RECURSION = YES;
				CLANG_WARN_INT_CONVERSION = YES;
				CLANG_WARN_NON_LITERAL_NULL_CONVERSION = YES;
				CLANG_WARN_OBJC_IMPLICIT_RETAIN_SELF = YES;
				CLANG_WARN_OBJC_LITERAL_CONVERSION = YES;
				CLANG_WARN_OBJC_ROOT_CLASS = YES_ERROR;
				CLANG_WARN_RANGE_LOOP_ANALYSIS = YES;
				CLANG_WARN_STRICT_PROTOTYPES = YES;
				CLANG_WARN_SUSPICIOUS_MOVE = YES;
				CLANG_WARN_UNGUARDED_AVAILABILITY = YES_AGGRESSIVE;
				CLANG_WARN_UNREACHABLE_CODE = YES;
				CLANG_WARN__DUPLICATE_METHOD_MATCH = YES;
				COPY_PHASE_STRIP = NO;
				DEBUG_INFORMATION_FORMAT = dwarf;
				ENABLE_STRICT_OBJC_MSGSEND = YES;
				ENABLE_TESTABILITY = YES;
				GCC_C_LANGUAGE_STANDARD = gnu11;
				GCC_DYNAMIC_NO_PIC = NO;
				GCC_NO_COMMON_BLOCKS = YES;
				GCC_OPTIMIZATION_LEVEL = 0;
				GCC_PREPROCESSOR_DEFINITIONS = (
					"DEBUG=1",
					"$(inherited)",
				);
				GCC_WARN_64_TO_32_BIT_CONVERSION = YES;
				GCC_WARN_ABOUT_RETURN_TYPE = YES_ERROR;
				GCC_WARN_UNDECLARED_SELECTOR = YES;
				GCC_WARN_UNINITIALIZED_AUTOS = YES_AGGRESSIVE;
				GCC_WARN_UNUSED_FUNCTION = YES;
				GCC_WARN_UNUSED_VARIABLE = YES;
				IPHONEOS_DEPLOYMENT_TARGET = 13.2;
				MTL_ENABLE_DEBUG_INFO = INCLUDE_SOURCE;
				MTL_FAST_MATH = YES;
				ONLY_ACTIVE_ARCH = YES;
				SDKROOT = iphoneos;
				SWIFT_ACTIVE_COMPILATION_CONDITIONS = DEBUG;
				SWIFT_OPTIMIZATION_LEVEL = "-Onone";
			};
			name = Debug;
		};
		A7DE776023BF320A00CE6FB4 /* Release */ = {
			isa = XCBuildConfiguration;
			buildSettings = {
				ALWAYS_SEARCH_USER_PATHS = NO;
				CLANG_ANALYZER_NONNULL = YES;
				CLANG_ANALYZER_NUMBER_OBJECT_CONVERSION = YES_AGGRESSIVE;
				CLANG_CXX_LANGUAGE_STANDARD = "gnu++14";
				CLANG_CXX_LIBRARY = "libc++";
				CLANG_ENABLE_MODULES = YES;
				CLANG_ENABLE_OBJC_ARC = YES;
				CLANG_ENABLE_OBJC_WEAK = YES;
				CLANG_WARN_BLOCK_CAPTURE_AUTORELEASING = YES;
				CLANG_WARN_BOOL_CONVERSION = YES;
				CLANG_WARN_COMMA = YES;
				CLANG_WARN_CONSTANT_CONVERSION = YES;
				CLANG_WARN_DEPRECATED_OBJC_IMPLEMENTATIONS = YES;
				CLANG_WARN_DIRECT_OBJC_ISA_USAGE = YES_ERROR;
				CLANG_WARN_DOCUMENTATION_COMMENTS = YES;
				CLANG_WARN_EMPTY_BODY = YES;
				CLANG_WARN_ENUM_CONVERSION = YES;
				CLANG_WARN_INFINITE_RECURSION = YES;
				CLANG_WARN_INT_CONVERSION = YES;
				CLANG_WARN_NON_LITERAL_NULL_CONVERSION = YES;
				CLANG_WARN_OBJC_IMPLICIT_RETAIN_SELF = YES;
				CLANG_WARN_OBJC_LITERAL_CONVERSION = YES;
				CLANG_WARN_OBJC_ROOT_CLASS = YES_ERROR;
				CLANG_WARN_RANGE_LOOP_ANALYSIS = YES;
				CLANG_WARN_STRICT_PROTOTYPES = YES;
				CLANG_WARN_SUSPICIOUS_MOVE = YES;
				CLANG_WARN_UNGUARDED_AVAILABILITY = YES_AGGRESSIVE;
				CLANG_WARN_UNREACHABLE_CODE = YES;
				CLANG_WARN__DUPLICATE_METHOD_MATCH = YES;
				COPY_PHASE_STRIP = NO;
				DEBUG_INFORMATION_FORMAT = "dwarf-with-dsym";
				ENABLE_NS_ASSERTIONS = NO;
				ENABLE_STRICT_OBJC_MSGSEND = YES;
				GCC_C_LANGUAGE_STANDARD = gnu11;
				GCC_NO_COMMON_BLOCKS = YES;
				GCC_WARN_64_TO_32_BIT_CONVERSION = YES;
				GCC_WARN_ABOUT_RETURN_TYPE = YES_ERROR;
				GCC_WARN_UNDECLARED_SELECTOR = YES;
				GCC_WARN_UNINITIALIZED_AUTOS = YES_AGGRESSIVE;
				GCC_WARN_UNUSED_FUNCTION = YES;
				GCC_WARN_UNUSED_VARIABLE = YES;
				IPHONEOS_DEPLOYMENT_TARGET = 13.2;
				MTL_ENABLE_DEBUG_INFO = NO;
				MTL_FAST_MATH = YES;
				SDKROOT = iphoneos;
				SWIFT_COMPILATION_MODE = wholemodule;
				SWIFT_OPTIMIZATION_LEVEL = "-O";
				VALIDATE_PRODUCT = YES;
			};
			name = Release;
		};
		A7DE776223BF320A00CE6FB4 /* Debug */ = {
			isa = XCBuildConfiguration;
			buildSettings = {
				ASSETCATALOG_COMPILER_APPICON_NAME = AppIcon;
				CODE_SIGN_STYLE = Automatic;
				DEVELOPMENT_TEAM = 3AMPL46LPV;
				INFOPLIST_FILE = tryViber/Info.plist;
				LD_RUNPATH_SEARCH_PATHS = (
					"$(inherited)",
					"@executable_path/Frameworks",
				);
				PRODUCT_BUNDLE_IDENTIFIER = ytyubox.tryViber;
				PRODUCT_NAME = "$(TARGET_NAME)";
				SWIFT_VERSION = 5.0;
				TARGETED_DEVICE_FAMILY = "1,2";
			};
			name = Debug;
		};
		A7DE776323BF320A00CE6FB4 /* Release */ = {
			isa = XCBuildConfiguration;
			buildSettings = {
				ASSETCATALOG_COMPILER_APPICON_NAME = AppIcon;
				CODE_SIGN_STYLE = Automatic;
				DEVELOPMENT_TEAM = 3AMPL46LPV;
				INFOPLIST_FILE = tryViber/Info.plist;
				LD_RUNPATH_SEARCH_PATHS = (
					"$(inherited)",
					"@executable_path/Frameworks",
				);
				PRODUCT_BUNDLE_IDENTIFIER = ytyubox.tryViber;
				PRODUCT_NAME = "$(TARGET_NAME)";
				SWIFT_VERSION = 5.0;
				TARGETED_DEVICE_FAMILY = "1,2";
			};
			name = Release;
		};
/* End XCBuildConfiguration section */

/* Begin XCConfigurationList section */
		A7DE774823BF320800CE6FB4 /* Build configuration list for PBXProject "tryViber" */ = {
			isa = XCConfigurationList;
			buildConfigurations = (
				A7DE775F23BF320A00CE6FB4 /* Debug */,
				A7DE776023BF320A00CE6FB4 /* Release */,
			);
			defaultConfigurationIsVisible = 0;
			defaultConfigurationName = Release;
		};
		A7DE776123BF320A00CE6FB4 /* Build configuration list for PBXNativeTarget "tryViber" */ = {
			isa = XCConfigurationList;
			buildConfigurations = (
				A7DE776223BF320A00CE6FB4 /* Debug */,
				A7DE776323BF320A00CE6FB4 /* Release */,
			);
			defaultConfigurationIsVisible = 0;
			defaultConfigurationName = Release;
		};
/* End XCConfigurationList section */
	};
	rootObject = A7DE774523BF320800CE6FB4 /* Project object */;
}
